// !$*UTF8*$!
{
	archiveVersion = 1;
	classes = {
	};
	objectVersion = 46;
	objects = {

/* Begin PBXBuildFile section */
		110709361F2DEE0200A0AC43 /* main.m in Sources */ = {isa = PBXBuildFile; fileRef = 110709351F2DEE0200A0AC43 /* main.m */; };
		110709391F2DEE0200A0AC43 /* AppDelegate.m in Sources */ = {isa = PBXBuildFile; fileRef = 110709381F2DEE0200A0AC43 /* AppDelegate.m */; };
		1107093C1F2DEE0200A0AC43 /* ViewController.m in Sources */ = {isa = PBXBuildFile; fileRef = 1107093B1F2DEE0200A0AC43 /* ViewController.m */; };
		1107093F1F2DEE0200A0AC43 /* Main.storyboard in Resources */ = {isa = PBXBuildFile; fileRef = 1107093D1F2DEE0200A0AC43 /* Main.storyboard */; };
		110709411F2DEE0200A0AC43 /* Assets.xcassets in Resources */ = {isa = PBXBuildFile; fileRef = 110709401F2DEE0200A0AC43 /* Assets.xcassets */; };
		110709441F2DEE0200A0AC43 /* LaunchScreen.storyboard in Resources */ = {isa = PBXBuildFile; fileRef = 110709421F2DEE0200A0AC43 /* LaunchScreen.storyboard */; };
		110709521F2DF1A300A0AC43 /* MLRefreshViewProtocol.m in Sources */ = {isa = PBXBuildFile; fileRef = 110709511F2DF1A300A0AC43 /* MLRefreshViewProtocol.m */; };
		110709551F2DF21400A0AC43 /* MLRefreshViewComponent.m in Sources */ = {isa = PBXBuildFile; fileRef = 110709541F2DF21400A0AC43 /* MLRefreshViewComponent.m */; };
		1107095C1F2E43DE00A0AC43 /* DefaultDemoTopRefreshView.m in Sources */ = {isa = PBXBuildFile; fileRef = 1107095B1F2E43DE00A0AC43 /* DefaultDemoTopRefreshView.m */; };
		1107095F1F2E489700A0AC43 /* DefaultDemoBottomRefreshView.m in Sources */ = {isa = PBXBuildFile; fileRef = 1107095E1F2E489700A0AC43 /* DefaultDemoBottomRefreshView.m */; };
		110709621F2E494300A0AC43 /* DefaultDemoComponent.m in Sources */ = {isa = PBXBuildFile; fileRef = 110709611F2E494200A0AC43 /* DefaultDemoComponent.m */; };
		117EA7EE1F31BB4E00748D20 /* MLRefreshViewDelegate.m in Sources */ = {isa = PBXBuildFile; fileRef = 117EA7ED1F31BB4E00748D20 /* MLRefreshViewDelegate.m */; };
/* End PBXBuildFile section */

/* Begin PBXFileReference section */
		110709311F2DEE0200A0AC43 /* MLScrollViewRefreshDemo.app */ = {isa = PBXFileReference; explicitFileType = wrapper.application; includeInIndex = 0; path = MLScrollViewRefreshDemo.app; sourceTree = BUILT_PRODUCTS_DIR; };
		110709351F2DEE0200A0AC43 /* main.m */ = {isa = PBXFileReference; lastKnownFileType = sourcecode.c.objc; path = main.m; sourceTree = "<group>"; };
		110709371F2DEE0200A0AC43 /* AppDelegate.h */ = {isa = PBXFileReference; lastKnownFileType = sourcecode.c.h; path = AppDelegate.h; sourceTree = "<group>"; };
		110709381F2DEE0200A0AC43 /* AppDelegate.m */ = {isa = PBXFileReference; lastKnownFileType = sourcecode.c.objc; path = AppDelegate.m; sourceTree = "<group>"; };
		1107093A1F2DEE0200A0AC43 /* ViewController.h */ = {isa = PBXFileReference; lastKnownFileType = sourcecode.c.h; path = ViewController.h; sourceTree = "<group>"; };
		1107093B1F2DEE0200A0AC43 /* ViewController.m */ = {isa = PBXFileReference; lastKnownFileType = sourcecode.c.objc; path = ViewController.m; sourceTree = "<group>"; };
		1107093E1F2DEE0200A0AC43 /* Base */ = {isa = PBXFileReference; lastKnownFileType = file.storyboard; name = Base; path = Base.lproj/Main.storyboard; sourceTree = "<group>"; };
		110709401F2DEE0200A0AC43 /* Assets.xcassets */ = {isa = PBXFileReference; lastKnownFileType = folder.assetcatalog; path = Assets.xcassets; sourceTree = "<group>"; };
		110709431F2DEE0200A0AC43 /* Base */ = {isa = PBXFileReference; lastKnownFileType = file.storyboard; name = Base; path = Base.lproj/LaunchScreen.storyboard; sourceTree = "<group>"; };
		110709451F2DEE0200A0AC43 /* Info.plist */ = {isa = PBXFileReference; lastKnownFileType = text.plist.xml; path = Info.plist; sourceTree = "<group>"; };
		110709501F2DF1A300A0AC43 /* MLRefreshViewProtocol.h */ = {isa = PBXFileReference; fileEncoding = 4; lastKnownFileType = sourcecode.c.h; path = MLRefreshViewProtocol.h; sourceTree = "<group>"; };
		110709511F2DF1A300A0AC43 /* MLRefreshViewProtocol.m */ = {isa = PBXFileReference; fileEncoding = 4; lastKnownFileType = sourcecode.c.objc; path = MLRefreshViewProtocol.m; sourceTree = "<group>"; };
		110709531F2DF21400A0AC43 /* MLRefreshViewComponent.h */ = {isa = PBXFileReference; fileEncoding = 4; lastKnownFileType = sourcecode.c.h; path = MLRefreshViewComponent.h; sourceTree = "<group>"; };
		110709541F2DF21400A0AC43 /* MLRefreshViewComponent.m */ = {isa = PBXFileReference; fileEncoding = 4; lastKnownFileType = sourcecode.c.objc; path = MLRefreshViewComponent.m; sourceTree = "<group>"; };
		1107095A1F2E43DE00A0AC43 /* DefaultDemoTopRefreshView.h */ = {isa = PBXFileReference; fileEncoding = 4; lastKnownFileType = sourcecode.c.h; path = DefaultDemoTopRefreshView.h; sourceTree = "<group>"; };
		1107095B1F2E43DE00A0AC43 /* DefaultDemoTopRefreshView.m */ = {isa = PBXFileReference; fileEncoding = 4; lastKnownFileType = sourcecode.c.objc; path = DefaultDemoTopRefreshView.m; sourceTree = "<group>"; };
		1107095D1F2E489700A0AC43 /* DefaultDemoBottomRefreshView.h */ = {isa = PBXFileReference; fileEncoding = 4; lastKnownFileType = sourcecode.c.h; path = DefaultDemoBottomRefreshView.h; sourceTree = "<group>"; };
		1107095E1F2E489700A0AC43 /* DefaultDemoBottomRefreshView.m */ = {isa = PBXFileReference; fileEncoding = 4; lastKnownFileType = sourcecode.c.objc; path = DefaultDemoBottomRefreshView.m; sourceTree = "<group>"; };
		110709601F2E494200A0AC43 /* DefaultDemoComponent.h */ = {isa = PBXFileReference; fileEncoding = 4; lastKnownFileType = sourcecode.c.h; path = DefaultDemoComponent.h; sourceTree = "<group>"; };
		110709611F2E494200A0AC43 /* DefaultDemoComponent.m */ = {isa = PBXFileReference; fileEncoding = 4; lastKnownFileType = sourcecode.c.objc; path = DefaultDemoComponent.m; sourceTree = "<group>"; };
		117EA7EC1F31BB4E00748D20 /* MLRefreshViewDelegate.h */ = {isa = PBXFileReference; fileEncoding = 4; lastKnownFileType = sourcecode.c.h; path = MLRefreshViewDelegate.h; sourceTree = "<group>"; };
		117EA7ED1F31BB4E00748D20 /* MLRefreshViewDelegate.m */ = {isa = PBXFileReference; fileEncoding = 4; lastKnownFileType = sourcecode.c.objc; path = MLRefreshViewDelegate.m; sourceTree = "<group>"; };
		117EA7EF1F31BBFA00748D20 /* MLScrollViewRefresh.h */ = {isa = PBXFileReference; lastKnownFileType = sourcecode.c.h; path = MLScrollViewRefresh.h; sourceTree = "<group>"; };
		117EA7F01F31BD1F00748D20 /* MLRefreshViewEnum.h */ = {isa = PBXFileReference; fileEncoding = 4; lastKnownFileType = sourcecode.c.h; path = MLRefreshViewEnum.h; sourceTree = "<group>"; };
/* End PBXFileReference section */

/* Begin PBXFrameworksBuildPhase section */
		1107092E1F2DEE0200A0AC43 /* Frameworks */ = {
			isa = PBXFrameworksBuildPhase;
			buildActionMask = 2147483647;
			files = (
			);
			runOnlyForDeploymentPostprocessing = 0;
		};
/* End PBXFrameworksBuildPhase section */

/* Begin PBXGroup section */
		110709281F2DEE0200A0AC43 = {
			isa = PBXGroup;
			children = (
				1107094B1F2DEE2300A0AC43 /* MLScrollViewRefresh */,
				110709331F2DEE0200A0AC43 /* MLScrollViewRefreshDemo */,
				110709321F2DEE0200A0AC43 /* Products */,
			);
			sourceTree = "<group>";
		};
		110709321F2DEE0200A0AC43 /* Products */ = {
			isa = PBXGroup;
			children = (
				110709311F2DEE0200A0AC43 /* MLScrollViewRefreshDemo.app */,
			);
			name = Products;
			sourceTree = "<group>";
		};
		110709331F2DEE0200A0AC43 /* MLScrollViewRefreshDemo */ = {
			isa = PBXGroup;
			children = (
				110709591F2E438900A0AC43 /* DefaultDemoComponent */,
				110709371F2DEE0200A0AC43 /* AppDelegate.h */,
				110709381F2DEE0200A0AC43 /* AppDelegate.m */,
				1107093A1F2DEE0200A0AC43 /* ViewController.h */,
				1107093B1F2DEE0200A0AC43 /* ViewController.m */,
				1107093D1F2DEE0200A0AC43 /* Main.storyboard */,
				110709401F2DEE0200A0AC43 /* Assets.xcassets */,
				110709421F2DEE0200A0AC43 /* LaunchScreen.storyboard */,
				110709451F2DEE0200A0AC43 /* Info.plist */,
				110709341F2DEE0200A0AC43 /* Supporting Files */,
			);
			path = MLScrollViewRefreshDemo;
			sourceTree = "<group>";
		};
		110709341F2DEE0200A0AC43 /* Supporting Files */ = {
			isa = PBXGroup;
			children = (
				110709351F2DEE0200A0AC43 /* main.m */,
			);
			name = "Supporting Files";
			sourceTree = "<group>";
		};
		1107094B1F2DEE2300A0AC43 /* MLScrollViewRefresh */ = {
			isa = PBXGroup;
			children = (
				110709501F2DF1A300A0AC43 /* MLRefreshViewProtocol.h */,
				110709511F2DF1A300A0AC43 /* MLRefreshViewProtocol.m */,
				110709531F2DF21400A0AC43 /* MLRefreshViewComponent.h */,
				110709541F2DF21400A0AC43 /* MLRefreshViewComponent.m */,
				117EA7EC1F31BB4E00748D20 /* MLRefreshViewDelegate.h */,
				117EA7ED1F31BB4E00748D20 /* MLRefreshViewDelegate.m */,
				117EA7F01F31BD1F00748D20 /* MLRefreshViewEnum.h */,
				117EA7EF1F31BBFA00748D20 /* MLScrollViewRefresh.h */,
			);
			path = MLScrollViewRefresh;
			sourceTree = "<group>";
		};
		110709591F2E438900A0AC43 /* DefaultDemoComponent */ = {
			isa = PBXGroup;
			children = (
				1107095A1F2E43DE00A0AC43 /* DefaultDemoTopRefreshView.h */,
				1107095B1F2E43DE00A0AC43 /* DefaultDemoTopRefreshView.m */,
				1107095D1F2E489700A0AC43 /* DefaultDemoBottomRefreshView.h */,
				1107095E1F2E489700A0AC43 /* DefaultDemoBottomRefreshView.m */,
				110709601F2E494200A0AC43 /* DefaultDemoComponent.h */,
				110709611F2E494200A0AC43 /* DefaultDemoComponent.m */,
			);
			path = DefaultDemoComponent;
			sourceTree = "<group>";
		};
/* End PBXGroup section */

/* Begin PBXNativeTarget section */
		110709301F2DEE0200A0AC43 /* MLScrollViewRefreshDemo */ = {
			isa = PBXNativeTarget;
			buildConfigurationList = 110709481F2DEE0200A0AC43 /* Build configuration list for PBXNativeTarget "MLScrollViewRefreshDemo" */;
			buildPhases = (
				1107092D1F2DEE0200A0AC43 /* Sources */,
				1107092E1F2DEE0200A0AC43 /* Frameworks */,
				1107092F1F2DEE0200A0AC43 /* Resources */,
			);
			buildRules = (
			);
			dependencies = (
			);
			name = MLScrollViewRefreshDemo;
			productName = MLScrollViewRefreshDemo;
			productReference = 110709311F2DEE0200A0AC43 /* MLScrollViewRefreshDemo.app */;
			productType = "com.apple.product-type.application";
		};
/* End PBXNativeTarget section */

/* Begin PBXProject section */
		110709291F2DEE0200A0AC43 /* Project object */ = {
			isa = PBXProject;
			attributes = {
				LastUpgradeCheck = 0830;
				ORGANIZATIONNAME = "Mog Lu";
				TargetAttributes = {
					110709301F2DEE0200A0AC43 = {
						CreatedOnToolsVersion = 8.3.3;
						ProvisioningStyle = Automatic;
					};
				};
			};
			buildConfigurationList = 1107092C1F2DEE0200A0AC43 /* Build configuration list for PBXProject "MLScrollViewRefreshDemo" */;
			compatibilityVersion = "Xcode 3.2";
			developmentRegion = English;
			hasScannedForEncodings = 0;
			knownRegions = (
				en,
				Base,
			);
			mainGroup = 110709281F2DEE0200A0AC43;
			productRefGroup = 110709321F2DEE0200A0AC43 /* Products */;
			projectDirPath = "";
			projectRoot = "";
			targets = (
				110709301F2DEE0200A0AC43 /* MLScrollViewRefreshDemo */,
			);
		};
/* End PBXProject section */

/* Begin PBXResourcesBuildPhase section */
		1107092F1F2DEE0200A0AC43 /* Resources */ = {
			isa = PBXResourcesBuildPhase;
			buildActionMask = 2147483647;
			files = (
				110709441F2DEE0200A0AC43 /* LaunchScreen.storyboard in Resources */,
				110709411F2DEE0200A0AC43 /* Assets.xcassets in Resources */,
				1107093F1F2DEE0200A0AC43 /* Main.storyboard in Resources */,
			);
			runOnlyForDeploymentPostprocessing = 0;
		};
/* End PBXResourcesBuildPhase section */

/* Begin PBXSourcesBuildPhase section */
		1107092D1F2DEE0200A0AC43 /* Sources */ = {
			isa = PBXSourcesBuildPhase;
			buildActionMask = 2147483647;
			files = (
				117EA7EE1F31BB4E00748D20 /* MLRefreshViewDelegate.m in Sources */,
				1107095F1F2E489700A0AC43 /* DefaultDemoBottomRefreshView.m in Sources */,
				1107093C1F2DEE0200A0AC43 /* ViewController.m in Sources */,
				1107095C1F2E43DE00A0AC43 /* DefaultDemoTopRefreshView.m in Sources */,
				110709391F2DEE0200A0AC43 /* AppDelegate.m in Sources */,
				110709551F2DF21400A0AC43 /* MLRefreshViewComponent.m in Sources */,
				110709361F2DEE0200A0AC43 /* main.m in Sources */,
				110709621F2E494300A0AC43 /* DefaultDemoComponent.m in Sources */,
				110709521F2DF1A300A0AC43 /* MLRefreshViewProtocol.m in Sources */,
			);
			runOnlyForDeploymentPostprocessing = 0;
		};
/* End PBXSourcesBuildPhase section */

/* Begin PBXVariantGroup section */
		1107093D1F2DEE0200A0AC43 /* Main.storyboard */ = {
			isa = PBXVariantGroup;
			children = (
				1107093E1F2DEE0200A0AC43 /* Base */,
			);
			name = Main.storyboard;
			sourceTree = "<group>";
		};
		110709421F2DEE0200A0AC43 /* LaunchScreen.storyboard */ = {
			isa = PBXVariantGroup;
			children = (
				110709431F2DEE0200A0AC43 /* Base */,
			);
			name = LaunchScreen.storyboard;
			sourceTree = "<group>";
		};
/* End PBXVariantGroup section */

/* Begin XCBuildConfiguration section */
		110709461F2DEE0200A0AC43 /* Debug */ = {
			isa = XCBuildConfiguration;
			buildSettings = {
				ALWAYS_SEARCH_USER_PATHS = NO;
				CLANG_ANALYZER_NONNULL = YES;
				CLANG_ANALYZER_NUMBER_OBJECT_CONVERSION = YES_AGGRESSIVE;
				CLANG_CXX_LANGUAGE_STANDARD = "gnu++0x";
				CLANG_CXX_LIBRARY = "libc++";
				CLANG_ENABLE_MODULES = YES;
				CLANG_ENABLE_OBJC_ARC = YES;
				CLANG_WARN_BOOL_CONVERSION = YES;
				CLANG_WARN_CONSTANT_CONVERSION = YES;
				CLANG_WARN_DIRECT_OBJC_ISA_USAGE = YES_ERROR;
				CLANG_WARN_DOCUMENTATION_COMMENTS = YES;
				CLANG_WARN_EMPTY_BODY = YES;
				CLANG_WARN_ENUM_CONVERSION = YES;
				CLANG_WARN_INFINITE_RECURSION = YES;
				CLANG_WARN_INT_CONVERSION = YES;
				CLANG_WARN_OBJC_ROOT_CLASS = YES_ERROR;
				CLANG_WARN_SUSPICIOUS_MOVE = YES;
				CLANG_WARN_UNREACHABLE_CODE = YES;
				CLANG_WARN__DUPLICATE_METHOD_MATCH = YES;
				"CODE_SIGN_IDENTITY[sdk=iphoneos*]" = "iPhone Developer";
				COPY_PHASE_STRIP = NO;
				DEBUG_INFORMATION_FORMAT = dwarf;
				ENABLE_STRICT_OBJC_MSGSEND = YES;
				ENABLE_TESTABILITY = YES;
				GCC_C_LANGUAGE_STANDARD = gnu99;
				GCC_DYNAMIC_NO_PIC = NO;
				GCC_NO_COMMON_BLOCKS = YES;
				GCC_OPTIMIZATION_LEVEL = 0;
				GCC_PREPROCESSOR_DEFINITIONS = (
					"DEBUG=1",
					"$(inherited)",
				);
				GCC_WARN_64_TO_32_BIT_CONVERSION = YES;
				GCC_WARN_ABOUT_RETURN_TYPE = YES_ERROR;
				GCC_WARN_UNDECLARED_SELECTOR = YES;
				GCC_WARN_UNINITIALIZED_AUTOS = YES_AGGRESSIVE;
				GCC_WARN_UNUSED_FUNCTION = YES;
				GCC_WARN_UNUSED_VARIABLE = YES;
				IPHONEOS_DEPLOYMENT_TARGET = 10.3;
				MTL_ENABLE_DEBUG_INFO = YES;
				ONLY_ACTIVE_ARCH = YES;
				SDKROOT = iphoneos;
			};
			name = Debug;
		};
		110709471F2DEE0200A0AC43 /* Release */ = {
			isa = XCBuildConfiguration;
			buildSettings = {
				ALWAYS_SEARCH_USER_PATHS = NO;
				CLANG_ANALYZER_NONNULL = YES;
				CLANG_ANALYZER_NUMBER_OBJECT_CONVERSION = YES_AGGRESSIVE;
				CLANG_CXX_LANGUAGE_STANDARD = "gnu++0x";
				CLANG_CXX_LIBRARY = "libc++";
				CLANG_ENABLE_MODULES = YES;
				CLANG_ENABLE_OBJC_ARC = YES;
				CLANG_WARN_BOOL_CONVERSION = YES;
				CLANG_WARN_CONSTANT_CONVERSION = YES;
				CLANG_WARN_DIRECT_OBJC_ISA_USAGE = YES_ERROR;
				CLANG_WARN_DOCUMENTATION_COMMENTS = YES;
				CLANG_WARN_EMPTY_BODY = YES;
				CLANG_WARN_ENUM_CONVERSION = YES;
				CLANG_WARN_INFINITE_RECURSION = YES;
				CLANG_WARN_INT_CONVERSION = YES;
				CLANG_WARN_OBJC_ROOT_CLASS = YES_ERROR;
				CLANG_WARN_SUSPICIOUS_MOVE = YES;
				CLANG_WARN_UNREACHABLE_CODE = YES;
				CLANG_WARN__DUPLICATE_METHOD_MATCH = YES;
				"CODE_SIGN_IDENTITY[sdk=iphoneos*]" = "iPhone Developer";
				COPY_PHASE_STRIP = NO;
				DEBUG_INFORMATION_FORMAT = "dwarf-with-dsym";
				ENABLE_NS_ASSERTIONS = NO;
				ENABLE_STRICT_OBJC_MSGSEND = YES;
				GCC_C_LANGUAGE_STANDARD = gnu99;
				GCC_NO_COMMON_BLOCKS = YES;
				GCC_WARN_64_TO_32_BIT_CONVERSION = YES;
				GCC_WARN_ABOUT_RETURN_TYPE = YES_ERROR;
				GCC_WARN_UNDECLARED_SELECTOR = YES;
				GCC_WARN_UNINITIALIZED_AUTOS = YES_AGGRESSIVE;
				GCC_WARN_UNUSED_FUNCTION = YES;
				GCC_WARN_UNUSED_VARIABLE = YES;
				IPHONEOS_DEPLOYMENT_TARGET = 10.3;
				MTL_ENABLE_DEBUG_INFO = NO;
				SDKROOT = iphoneos;
				VALIDATE_PRODUCT = YES;
			};
			name = Release;
		};
		110709491F2DEE0200A0AC43 /* Debug */ = {
			isa = XCBuildConfiguration;
			buildSettings = {
				ASSETCATALOG_COMPILER_APPICON_NAME = AppIcon;
				INFOPLIST_FILE = MLScrollViewRefreshDemo/Info.plist;
				LD_RUNPATH_SEARCH_PATHS = "$(inherited) @executable_path/Frameworks";
				PRODUCT_BUNDLE_IDENTIFIER = com.mog.MLScrollViewRefreshDemo;
				PRODUCT_NAME = "$(TARGET_NAME)";
			};
			name = Debug;
		};
		1107094A1F2DEE0200A0AC43 /* Release */ = {
			isa = XCBuildConfiguration;
			buildSettings = {
				ASSETCATALOG_COMPILER_APPICON_NAME = AppIcon;
				INFOPLIST_FILE = MLScrollViewRefreshDemo/Info.plist;
				LD_RUNPATH_SEARCH_PATHS = "$(inherited) @executable_path/Frameworks";
				PRODUCT_BUNDLE_IDENTIFIER = com.mog.MLScrollViewRefreshDemo;
				PRODUCT_NAME = "$(TARGET_NAME)";
			};
			name = Release;
		};
/* End XCBuildConfiguration section */

/* Begin XCConfigurationList section */
		1107092C1F2DEE0200A0AC43 /* Build configuration list for PBXProject "MLScrollViewRefreshDemo" */ = {
			isa = XCConfigurationList;
			buildConfigurations = (
				110709461F2DEE0200A0AC43 /* Debug */,
				110709471F2DEE0200A0AC43 /* Release */,
			);
			defaultConfigurationIsVisible = 0;
			defaultConfigurationName = Release;
		};
		110709481F2DEE0200A0AC43 /* Build configuration list for PBXNativeTarget "MLScrollViewRefreshDemo" */ = {
			isa = XCConfigurationList;
			buildConfigurations = (
				110709491F2DEE0200A0AC43 /* Debug */,
				1107094A1F2DEE0200A0AC43 /* Release */,
			);
			defaultConfigurationIsVisible = 0;
			defaultConfigurationName = Release;
		};
/* End XCConfigurationList section */
	};
	rootObject = 110709291F2DEE0200A0AC43 /* Project object */;
}
